
Microsoft Visual Studio Solution File, Format Version 12.00
# Visual Studio Version 17
VisualStudioVersion = 17.11.35219.272
MinimumVisualStudioVersion = 10.0.40219.1
Project("{FAE04EC0-301F-11D3-BF4B-00C04F79EFBC}") = "DeadLockApp", "DeadLockApp\DeadLockApp.csproj", "{C770ECB1-9F1E-4FAC-847E-418B5168B865}"
EndProject
Global
	GlobalSection(SolutionConfigurationPlatforms) = preSolution
		Debug|Any CPU = Debug|Any CPU
		Release|Any CPU = Release|Any CPU
	EndGlobalSection
	GlobalSection(ProjectConfigurationPlatforms) = postSolution
		{C770ECB1-9F1E-4FAC-847E-418B5168B865}.Debug|Any CPU.ActiveCfg = Debug|Any CPU
		{C770ECB1-9F1E-4FAC-847E-418B5168B865}.Debug|Any CPU.Build.0 = Debug|Any CPU
		{C770ECB1-9F1E-4FAC-847E-418B5168B865}.Debug|Any CPU.Deploy.0 = Debug|Any CPU
		{C770ECB1-9F1E-4FAC-847E-418B5168B865}.Release|Any CPU.ActiveCfg = Release|Any CPU
		{C770ECB1-9F1E-4FAC-847E-418B5168B865}.Release|Any CPU.Build.0 = Release|Any CPU
		{C770ECB1-9F1E-4FAC-847E-418B5168B865}.Release|Any CPU.Deploy.0 = Release|Any CPU
	EndGlobalSection
	GlobalSection(SolutionProperties) = preSolution
		HideSolutionNode = FALSE
	EndGlobalSection
	GlobalSection(ExtensibilityGlobals) = postSolution
		SolutionGuid = {B6B844E8-9A33-4B04-8480-0D53C2135E1E}
	EndGlobalSection
EndGlobal
